{
  "nodes": {
    "flake-utils": {
      "locked": {
        "lastModified": 1638122382,
        "narHash": "sha256-sQzZzAbvKEqN9s0bzWuYmRaA03v40gaJ4+iL1LXjaeI=",
        "owner": "numtide",
        "repo": "flake-utils",
        "rev": "74f7e4319258e287b0f9cb95426c9853b282730b",
        "type": "github"
      },
      "original": {
        "owner": "numtide",
        "repo": "flake-utils",
        "type": "github"
      }
    },
    "nix-filter": {
      "locked": {
        "lastModified": 1646733795,
        "narHash": "sha256-W9elpjb6b4lqDsw6GxmLEVKaD1/nJQuBy/ikT76cL5c=",
        "owner": "numtide",
        "repo": "nix-filter",
        "rev": "e4e8649a3b6f0d3c181955945a84e6918d3f832a",
        "type": "github"
      },
      "original": {
        "owner": "numtide",
        "repo": "nix-filter",
        "type": "github"
      }
    },
    "nixpkgs": {
      "locked": {
        "lastModified": 1642415020,
        "narHash": "sha256-KLtZ02MorPKXa/I/aq3Og70VO48DkA403yx55Sn2Rdg=",
        "owner": "NixOS",
        "repo": "nixpkgs",
        "rev": "e3b041ac07f27e2d1c6987e3caedd080a7124bed",
        "type": "github"
      },
      "original": {
        "owner": "NixOS",
        "repo": "nixpkgs",
        "type": "github"
      }
    },
    "nixpkgs_2": {
      "locked": {
        "lastModified": 1661946212,
        "narHash": "sha256-M52SV+0DaUvoT/m8CSFiaHg4bCFXmsYu+fjS93r4Ye0=",
        "owner": "NixOS",
        "repo": "nixpkgs",
        "rev": "4415574d237c6b6b8d239d32d499c897e5e60597",
        "type": "github"
      },
      "original": {
        "owner": "NixOS",
        "repo": "nixpkgs",
        "type": "github"
      }
    },
    "root": {
      "inputs": {
        "flake-utils": "flake-utils",
        "nix-filter": "nix-filter",
        "nixpkgs": "nixpkgs",
        "verify-commits": "verify-commits"
      }
    },
    "verify-commits": {
      "inputs": {
        "flake-utils": [
          "flake-utils"
        ],
        "nixpkgs": "nixpkgs_2"
      },
      "locked": {
        "lastModified": 1,
        "narHash": "sha256-LpAv3QifJgM6gciBy929uQKd/EKH47y6EJDiBdYQWfg=",
        "path": "./scripts/verify-commits",
        "type": "path"
      },
      "original": {
        "path": "./scripts/verify-commits",
        "type": "path"
      }
    }
  },
  "root": "root",
  "version": 7
}
